// !$*UTF8*$!
{
	archiveVersion = 1;
	classes = {
	};
	objectVersion = 77;
	objects = {

/* Begin PBXBuildFile section */
		A992673B2FDC602300D1D1E9 /* PostureClassifier.mlmodel in Sources */ = {isa = PBXBuildFile; fileRef = A992673A2FDC602300D1D1E9 /* PostureClassifier.mlmodel */; };
		A9E769422FCF57C300EF4241 /* AVFoundation.framework in Frameworks */ = {isa = PBXBuildFile; fileRef = A9E769412FCF57C300EF4241 /* AVFoundation.framework */; };
		A9E769442FCF57D900EF4241 /* Vision.framework in Frameworks */ = {isa = PBXBuildFile; fileRef = A9E769432FCF57D900EF4241 /* Vision.framework */; };
		A9E769462FCF57E800EF4241 /* CoreML.framework in Frameworks */ = {isa = PBXBuildFile; fileRef = A9E769452FCF57E800EF4241 /* CoreML.framework */; };
/* End PBXBuildFile section */

/* Begin PBXContainerItemProxy section */
		A9CFA32E2FCE1FD400A2EAD0 /* PBXContainerItemProxy */ = {
			isa = PBXContainerItemProxy;
			containerPortal = A9CFA3162FCE1FD100A2EAD0 /* Project object */;
			proxyType = 1;
			remoteGlobalIDString = A9CFA31D2FCE1FD100A2EAD0;
			remoteInfo = PostureKit;
		};
		A9CFA3382FCE1FD400A2EAD0 /* PBXContainerItemProxy */ = {
			isa = PBXContainerItemProxy;
			containerPortal = A9CFA3162FCE1FD100A2EAD0 /* Project object */;
			proxyType = 1;
			remoteGlobalIDString = A9CFA31D2FCE1FD100A2EAD0;
			remoteInfo = PostureKit;
		};
/* End PBXContainerItemProxy section */

/* Begin PBXFileReference section */
		A992673A2FDC602300D1D1E9 /* PostureClassifier.mlmodel */ = {isa = PBXFileReference; lastKnownFileType = file.mlmodel; path = PostureClassifier.mlmodel; sourceTree = "<group>"; };
		A9CFA31E2FCE1FD100A2EAD0 /* PostureKit.app */ = {isa = PBXFileReference; explicitFileType = wrapper.application; includeInIndex = 0; path = PostureKit.app; sourceTree = BUILT_PRODUCTS_DIR; };
		A9CFA32D2FCE1FD400A2EAD0 /* PostureKitTests.xctest */ = {isa = PBXFileReference; explicitFileType = wrapper.cfbundle; includeInIndex = 0; path = PostureKitTests.xctest; sourceTree = BUILT_PRODUCTS_DIR; };
		A9CFA3372FCE1FD400A2EAD0 /* PostureKitUITests.xctest */ = {isa = PBXFileReference; explicitFileType = wrapper.cfbundle; includeInIndex = 0; path = PostureKitUITests.xctest; sourceTree = BUILT_PRODUCTS_DIR; };
		A9E769412FCF57C300EF4241 /* AVFoundation.framework */ = {isa = PBXFileReference; lastKnownFileType = wrapper.framework; name = AVFoundation.framework; path = System/Library/Frameworks/AVFoundation.framework; sourceTree = SDKROOT; };
		A9E769432FCF57D900EF4241 /* Vision.framework */ = {isa = PBXFileReference; lastKnownFileType = wrapper.framework; name = Vision.framework; path = System/Library/Frameworks/Vision.framework; sourceTree = SDKROOT; };
		A9E769452FCF57E800EF4241 /* CoreML.framework */ = {isa = PBXFileReference; lastKnownFileType = wrapper.framework; name = CoreML.framework; path = System/Library/Frameworks/CoreML.framework; sourceTree = SDKROOT; };
/* End PBXFileReference section */

/* Begin PBXFileSystemSynchronizedRootGroup section */
		A9CFA3202FCE1FD100A2EAD0 /* PostureKit */ = {
			isa = PBXFileSystemSynchronizedRootGroup;
			path = PostureKit;
			sourceTree = "<group>";
		};
		A9CFA3302FCE1FD400A2EAD0 /* PostureKitTests */ = {
			isa = PBXFileSystemSynchronizedRootGroup;
			path = PostureKitTests;
			sourceTree = "<group>";
		};
		A9CFA33A2FCE1FD400A2EAD0 /* PostureKitUITests */ = {
			isa = PBXFileSystemSynchronizedRootGroup;
			path = PostureKitUITests;
			sourceTree = "<group>";
		};
/* End PBXFileSystemSynchronizedRootGroup section */

/* Begin PBXFrameworksBuildPhase section */
		A9CFA31B2FCE1FD100A2EAD0 /* Frameworks */ = {
			isa = PBXFrameworksBuildPhase;
			buildActionMask = 2147483647;
			files = (
				A9E769442FCF57D900EF4241 /* Vision.framework in Frameworks */,
				A9E769422FCF57C300EF4241 /* AVFoundation.framework in Frameworks */,
				A9E769462FCF57E800EF4241 /* CoreML.framework in Frameworks */,
			);
			runOnlyForDeploymentPostprocessing = 0;
		};
		A9CFA32A2FCE1FD400A2EAD0 /* Frameworks */ = {
			isa = PBXFrameworksBuildPhase;
			buildActionMask = 2147483647;
			files = (
			);
			runOnlyForDeploymentPostprocessing = 0;
		};
		A9CFA3342FCE1FD400A2EAD0 /* Frameworks */ = {
			isa = PBXFrameworksBuildPhase;
			buildActionMask = 2147483647;
			files = (
			);
			runOnlyForDeploymentPostprocessing = 0;
		};
/* End PBXFrameworksBuildPhase section */

/* Begin PBXGroup section */
		A9CFA3152FCE1FD100A2EAD0 = {
			isa = PBXGroup;
			children = (
				A992673A2FDC602300D1D1E9 /* PostureClassifier.mlmodel */,
				A9CFA3202FCE1FD100A2EAD0 /* PostureKit */,
				A9CFA3302FCE1FD400A2EAD0 /* PostureKitTests */,
				A9CFA33A2FCE1FD400A2EAD0 /* PostureKitUITests */,
				A9E769402FCF57C300EF4241 /* Frameworks */,
				A9CFA31F2FCE1FD100A2EAD0 /* Products */,
			);
			sourceTree = "<group>";
		};
		A9CFA31F2FCE1FD100A2EAD0 /* Products */ = {
			isa = PBXGroup;
			children = (
				A9CFA31E2FCE1FD100A2EAD0 /* PostureKit.app */,
				A9CFA32D2FCE1FD400A2EAD0 /* PostureKitTests.xctest */,
				A9CFA3372FCE1FD400A2EAD0 /* PostureKitUITests.xctest */,
			);
			name = Products;
			sourceTree = "<group>";
		};
		A9E769402FCF57C300EF4241 /* Frameworks */ = {
			isa = PBXGroup;
			children = (
				A9E769452FCF57E800EF4241 /* CoreML.framework */,
				A9E769432FCF57D900EF4241 /* Vision.framework */,
				A9E769412FCF57C300EF4241 /* AVFoundation.framework */,
			);
			name = Frameworks;
			sourceTree = "<group>";
		};
/* End PBXGroup section */

/* Begin PBXNativeTarget section */
		A9CFA31D2FCE1FD100A2EAD0 /* PostureKit */ = {
			isa = PBXNativeTarget;
			buildConfigurationList = A9CFA3412FCE1FD400A2EAD0 /* Build configuration list for PBXNativeTarget "PostureKit" */;
			buildPhases = (
				A9CFA31A2FCE1FD100A2EAD0 /* Sources */,
				A9CFA31B2FCE1FD100A2EAD0 /* Frameworks */,
				A9CFA31C2FCE1FD100A2EAD0 /* Resources */,
			);
			buildRules = (
			);
			dependencies = (
			);
			fileSystemSynchronizedGroups = (
				A9CFA3202FCE1FD100A2EAD0 /* PostureKit */,
			);
			name = PostureKit;
			packageProductDependencies = (
			);
			productName = PostureKit;
			productReference = A9CFA31E2FCE1FD100A2EAD0 /* PostureKit.app */;
			productType = "com.apple.product-type.application";
		};
		A9CFA32C2FCE1FD400A2EAD0 /* PostureKitTests */ = {
			isa = PBXNativeTarget;
			buildConfigurationList = A9CFA3442FCE1FD400A2EAD0 /* Build configuration list for PBXNativeTarget "PostureKitTests" */;
			buildPhases = (
				A9CFA3292FCE1FD400A2EAD0 /* Sources */,
				A9CFA32A2FCE1FD400A2EAD0 /* Frameworks */,
				A9CFA32B2FCE1FD400A2EAD0 /* Resources */,
			);
			buildRules = (
			);
			dependencies = (
				A9CFA32F2FCE1FD400A2EAD0 /* PBXTargetDependency */,
			);
			fileSystemSynchronizedGroups = (
				A9CFA3302FCE1FD400A2EAD0 /* PostureKitTests */,
			);
			name = PostureKitTests;
			packageProductDependencies = (
			);
			productName = PostureKitTests;
			productReference = A9CFA32D2FCE1FD400A2EAD0 /* PostureKitTests.xctest */;
			productType = "com.apple.product-type.bundle.unit-test";
		};
		A9CFA3362FCE1FD400A2EAD0 /* PostureKitUITests */ = {
			isa = PBXNativeTarget;
			buildConfigurationList = A9CFA3472FCE1FD400A2EAD0 /* Build configuration list for PBXNativeTarget "PostureKitUITests" */;
			buildPhases = (
				A9CFA3332FCE1FD400A2EAD0 /* Sources */,
				A9CFA3342FCE1FD400A2EAD0 /* Frameworks */,
				A9CFA3352FCE1FD400A2EAD0 /* Resources */,
			);
			buildRules = (
			);
			dependencies = (
				A9CFA3392FCE1FD400A2EAD0 /* PBXTargetDependency */,
			);
			fileSystemSynchronizedGroups = (
				A9CFA33A2FCE1FD400A2EAD0 /* PostureKitUITests */,
			);
			name = PostureKitUITests;
			packageProductDependencies = (
			);
			productName = PostureKitUITests;
			productReference = A9CFA3372FCE1FD400A2EAD0 /* PostureKitUITests.xctest */;
			productType = "com.apple.product-type.bundle.ui-testing";
		};
/* End PBXNativeTarget section */

/* Begin PBXProject section */
		A9CFA3162FCE1FD100A2EAD0 /* Project object */ = {
			isa = PBXProject;
			attributes = {
				BuildIndependentTargetsInParallel = 1;
				LastSwiftUpdateCheck = 2630;
				LastUpgradeCheck = 2630;
				TargetAttributes = {
					A9CFA31D2FCE1FD100A2EAD0 = {
						CreatedOnToolsVersion = 26.3;
					};
					A9CFA32C2FCE1FD400A2EAD0 = {
						CreatedOnToolsVersion = 26.3;
						TestTargetID = A9CFA31D2FCE1FD100A2EAD0;
					};
					A9CFA3362FCE1FD400A2EAD0 = {
						CreatedOnToolsVersion = 26.3;
						TestTargetID = A9CFA31D2FCE1FD100A2EAD0;
					};
				};
			};
			buildConfigurationList = A9CFA3192FCE1FD100A2EAD0 /* Build configuration list for PBXProject "PostureKit" */;
			developmentRegion = en;
			hasScannedForEncodings = 0;
			knownRegions = (
				en,
				Base,
			);
			mainGroup = A9CFA3152FCE1FD100A2EAD0;
			minimizedProjectReferenceProxies = 1;
			preferredProjectObjectVersion = 77;
			productRefGroup = A9CFA31F2FCE1FD100A2EAD0 /* Products */;
			projectDirPath = "";
			projectRoot = "";
			targets = (
				A9CFA31D2FCE1FD100A2EAD0 /* PostureKit */,
				A9CFA32C2FCE1FD400A2EAD0 /* PostureKitTests */,
				A9CFA3362FCE1FD400A2EAD0 /* PostureKitUITests */,
			);
		};
/* End PBXProject section */

/* Begin PBXResourcesBuildPhase section */
		A9CFA31C2FCE1FD100A2EAD0 /* Resources */ = {
			isa = PBXResourcesBuildPhase;
			buildActionMask = 2147483647;
			files = (
			);
			runOnlyForDeploymentPostprocessing = 0;
		};
		A9CFA32B2FCE1FD400A2EAD0 /* Resources */ = {
			isa = PBXResourcesBuildPhase;
			buildActionMask = 2147483647;
			files = (
			);
			runOnlyForDeploymentPostprocessing = 0;
		};
		A9CFA3352FCE1FD400A2EAD0 /* Resources */ = {
			isa = PBXResourcesBuildPhase;
			buildActionMask = 2147483647;
			files = (
			);
			runOnlyForDeploymentPostprocessing = 0;
		};
/* End PBXResourcesBuildPhase section */

/* Begin PBXSourcesBuildPhase section */
		A9CFA31A2FCE1FD100A2EAD0 /* Sources */ = {
			isa = PBXSourcesBuildPhase;
			buildActionMask = 2147483647;
			files = (
				A992673B2FDC602300D1D1E9 /* PostureClassifier.mlmodel in Sources */,
			);
			runOnlyForDeploymentPostprocessing = 0;
		};
		A9CFA3292FCE1FD400A2EAD0 /* Sources */ = {
			isa = PBXSourcesBuildPhase;
			buildActionMask = 2147483647;
			files = (
			);
			runOnlyForDeploymentPostprocessing = 0;
		};
		A9CFA3332FCE1FD400A2EAD0 /* Sources */ = {
			isa = PBXSourcesBuildPhase;
			buildActionMask = 2147483647;
			files = (
			);
			runOnlyForDeploymentPostprocessing = 0;
		};
/* End PBXSourcesBuildPhase section */

/* Begin PBXTargetDependency section */
		A9CFA32F2FCE1FD400A2EAD0 /* PBXTargetDependency */ = {
			isa = PBXTargetDependency;
			target = A9CFA31D2FCE1FD100A2EAD0 /* PostureKit */;
			targetProxy = A9CFA32E2FCE1FD400A2EAD0 /* PBXContainerItemProxy */;
		};
		A9CFA3392FCE1FD400A2EAD0 /* PBXTargetDependency */ = {
			isa = PBXTargetDependency;
			target = A9CFA31D2FCE1FD100A2EAD0 /* PostureKit */;
			targetProxy = A9CFA3382FCE1FD400A2EAD0 /* PBXContainerItemProxy */;
		};
/* End PBXTargetDependency section */

/* Begin XCBuildConfiguration section */
		A9CFA33F2FCE1FD400A2EAD0 /* Debug */ = {
			isa = XCBuildConfiguration;
			buildSettings = {
				ALWAYS_SEARCH_USER_PATHS = NO;
				ASSETCATALOG_COMPILER_GENERATE_SWIFT_ASSET_SYMBOL_EXTENSIONS = YES;
				CLANG_ANALYZER_NONNULL = YES;
				CLANG_ANALYZER_NUMBER_OBJECT_CONVERSION = YES_AGGRESSIVE;
				CLANG_CXX_LANGUAGE_STANDARD = "gnu++20";
				CLANG_ENABLE_MODULES = YES;
				CLANG_ENABLE_OBJC_ARC = YES;
				CLANG_ENABLE_OBJC_WEAK = YES;
				CLANG_WARN_BLOCK_CAPTURE_AUTORELEASING = YES;
				CLANG_WARN_BOOL_CONVERSION = YES;
				CLANG_WARN_COMMA = YES;
				CLANG_WARN_CONSTANT_CONVERSION = YES;
				CLANG_WARN_DEPRECATED_OBJC_IMPLEMENTATIONS = YES;
				CLANG_WARN_DIRECT_OBJC_ISA_USAGE = YES_ERROR;
				CLANG_WARN_DOCUMENTATION_COMMENTS = YES;
				CLANG_WARN_EMPTY_BODY = YES;
				CLANG_WARN_ENUM_CONVERSION = YES;
				CLANG_WARN_INFINITE_RECURSION = YES;
				CLANG_WARN_INT_CONVERSION = YES;
				CLANG_WARN_NON_LITERAL_NULL_CONVERSION = YES;
				CLANG_WARN_OBJC_IMPLICIT_RETAIN_SELF = YES;
				CLANG_WARN_OBJC_LITERAL_CONVERSION = YES;
				CLANG_WARN_OBJC_ROOT_CLASS = YES_ERROR;
				CLANG_WARN_QUOTED_INCLUDE_IN_FRAMEWORK_HEADER = YES;
				CLANG_WARN_RANGE_LOOP_ANALYSIS = YES;
				CLANG_WARN_STRICT_PROTOTYPES = YES;
				CLANG_WARN_SUSPICIOUS_MOVE = YES;
				CLANG_WARN_UNGUARDED_AVAILABILITY = YES_AGGRESSIVE;
				CLANG_WARN_UNREACHABLE_CODE = YES;
				CLANG_WARN__DUPLICATE_METHOD_MATCH = YES;
				COPY_PHASE_STRIP = NO;
				DEBUG_INFORMATION_FORMAT = dwarf;
				DEVELOPMENT_TEAM = 392EEDE3SZ;
				ENABLE_STRICT_OBJC_MSGSEND = YES;
				ENABLE_TESTABILITY = YES;
				ENABLE_USER_SCRIPT_SANDBOXING = YES;
				GCC_C_LANGUAGE_STANDARD = gnu17;
				GCC_DYNAMIC_NO_PIC = NO;
				GCC_NO_COMMON_BLOCKS = YES;
				GCC_OPTIMIZATION_LEVEL = 0;
				GCC_PREPROCESSOR_DEFINITIONS = (
					"DEBUG=1",
					"$(inherited)",
				);
				GCC_WARN_64_TO_32_BIT_CONVERSION = YES;
				GCC_WARN_ABOUT_RETURN_TYPE = YES_ERROR;
				GCC_WARN_UNDECLARED_SELECTOR = YES;
				GCC_WARN_UNINITIALIZED_AUTOS = YES_AGGRESSIVE;
				GCC_WARN_UNUSED_FUNCTION = YES;
				GCC_WARN_UNUSED_VARIABLE = YES;
				IPHONEOS_DEPLOYMENT_TARGET = 26.2;
				LOCALIZATION_PREFERS_STRING_CATALOGS = YES;
				MTL_ENABLE_DEBUG_INFO = INCLUDE_SOURCE;
				MTL_FAST_MATH = YES;
				ONLY_ACTIVE_ARCH = YES;
				SDKROOT = iphoneos;
				SWIFT_ACTIVE_COMPILATION_CONDITIONS = "DEBUG $(inherited)";
				SWIFT_OPTIMIZATION_LEVEL = "-Onone";
			};
			name = Debug;
		};
		A9CFA3402FCE1FD400A2EAD0 /* Release */ = {
			isa = XCBuildConfiguration;
			buildSettings = {
				ALWAYS_SEARCH_USER_PATHS = NO;
				ASSETCATALOG_COMPILER_GENERATE_SWIFT_ASSET_SYMBOL_EXTENSIONS = YES;
				CLANG_ANALYZER_NONNULL = YES;
				CLANG_ANALYZER_NUMBER_OBJECT_CONVERSION = YES_AGGRESSIVE;
				CLANG_CXX_LANGUAGE_STANDARD = "gnu++20";
				CLANG_ENABLE_MODULES = YES;
				CLANG_ENABLE_OBJC_ARC = YES;
				CLANG_ENABLE_OBJC_WEAK = YES;
				CLANG_WARN_BLOCK_CAPTURE_AUTORELEASING = YES;
				CLANG_WARN_BOOL_CONVERSION = YES;
				CLANG_WARN_COMMA = YES;
				CLANG_WARN_CONSTANT_CONVERSION = YES;
				CLANG_WARN_DEPRECATED_OBJC_IMPLEMENTATIONS = YES;
				CLANG_WARN_DIRECT_OBJC_ISA_USAGE = YES_ERROR;
				CLANG_WARN_DOCUMENTATION_COMMENTS = YES;
				CLANG_WARN_EMPTY_BODY = YES;
				CLANG_WARN_ENUM_CONVERSION = YES;
				CLANG_WARN_INFINITE_RECURSION = YES;
				CLANG_WARN_INT_CONVERSION = YES;
				CLANG_WARN_NON_LITERAL_NULL_CONVERSION = YES;
				CLANG_WARN_OBJC_IMPLICIT_RETAIN_SELF = YES;
				CLANG_WARN_OBJC_LITERAL_CONVERSION = YES;
				CLANG_WARN_OBJC_ROOT_CLASS = YES_ERROR;
				CLANG_WARN_QUOTED_INCLUDE_IN_FRAMEWORK_HEADER = YES;
				CLANG_WARN_RANGE_LOOP_ANALYSIS = YES;
				CLANG_WARN_STRICT_PROTOTYPES = YES;
				CLANG_WARN_SUSPICIOUS_MOVE = YES;
				CLANG_WARN_UNGUARDED_AVAILABILITY = YES_AGGRESSIVE;
				CLANG_WARN_UNREACHABLE_CODE = YES;
				CLANG_WARN__DUPLICATE_METHOD_MATCH = YES;
				COPY_PHASE_STRIP = NO;
				DEBUG_INFORMATION_FORMAT = "dwarf-with-dsym";
				DEVELOPMENT_TEAM = 392EEDE3SZ;
				ENABLE_NS_ASSERTIONS = NO;
				ENABLE_STRICT_OBJC_MSGSEND = YES;
				ENABLE_USER_SCRIPT_SANDBOXING = YES;
				GCC_C_LANGUAGE_STANDARD = gnu17;
				GCC_NO_COMMON_BLOCKS = YES;
				GCC_WARN_64_TO_32_BIT_CONVERSION = YES;
				GCC_WARN_ABOUT_RETURN_TYPE = YES_ERROR;
				GCC_WARN_UNDECLARED_SELECTOR = YES;
				GCC_WARN_UNINITIALIZED_AUTOS = YES_AGGRESSIVE;
				GCC_WARN_UNUSED_FUNCTION = YES;
				GCC_WARN_UNUSED_VARIABLE = YES;
				IPHONEOS_DEPLOYMENT_TARGET = 26.2;
				LOCALIZATION_PREFERS_STRING_CATALOGS = YES;
				MTL_ENABLE_DEBUG_INFO = NO;
				MTL_FAST_MATH = YES;
				SDKROOT = iphoneos;
				SWIFT_COMPILATION_MODE = wholemodule;
				VALIDATE_PRODUCT = YES;
			};
			name = Release;
		};
		A9CFA3422FCE1FD400A2EAD0 /* Debug */ = {
			isa = XCBuildConfiguration;
			buildSettings = {
				ASSETCATALOG_COMPILER_APPICON_NAME = AppIcon;
				ASSETCATALOG_COMPILER_GLOBAL_ACCENT_COLOR_NAME = AccentColor;
				CODE_SIGN_STYLE = Automatic;
				CURRENT_PROJECT_VERSION = 1;
				DEVELOPMENT_TEAM = 392EEDE3SZ;
				ENABLE_PREVIEWS = YES;
				GENERATE_INFOPLIST_FILE = YES;
				INFOPLIST_KEY_NSCameraUsageDescription = "PostureKit uses the camera to analyse your posture in real time.";
				INFOPLIST_KEY_UIApplicationSceneManifest_Generation = YES;
				INFOPLIST_KEY_UIApplicationSupportsIndirectInputEvents = YES;
				INFOPLIST_KEY_UILaunchScreen_Generation = YES;
				INFOPLIST_KEY_UISupportedInterfaceOrientations_iPad = "UIInterfaceOrientationPortrait UIInterfaceOrientationPortraitUpsideDown UIInterfaceOrientationLandscapeLeft UIInterfaceOrientationLandscapeRight";
				INFOPLIST_KEY_UISupportedInterfaceOrientations_iPhone = "UIInterfaceOrientationPortrait UIInterfaceOrientationLandscapeLeft UIInterfaceOrientationLandscapeRight";
				IPHONEOS_DEPLOYMENT_TARGET = 17.6;
				LD_RUNPATH_SEARCH_PATHS = (
					"$(inherited)",
					"@executable_path/Frameworks",
				);
				MARKETING_VERSION = 1.0;
				PRODUCT_BUNDLE_IDENTIFIER = khushboo.neema.PostureKit.myapp;
				PRODUCT_NAME = "$(TARGET_NAME)";
				STRING_CATALOG_GENERATE_SYMBOLS = YES;
				SWIFT_APPROACHABLE_CONCURRENCY = YES;
				SWIFT_DEFAULT_ACTOR_ISOLATION = MainActor;
				SWIFT_EMIT_LOC_STRINGS = YES;
				SWIFT_UPCOMING_FEATURE_MEMBER_IMPORT_VISIBILITY = YES;
				SWIFT_VERSION = 5.0;
				TARGETED_DEVICE_FAMILY = "1,2";
			};
			name = Debug;
		};
		A9CFA3432FCE1FD400A2EAD0 /* Release */ = {
			isa = XCBuildConfiguration;
			buildSettings = {
				ASSETCATALOG_COMPILER_APPICON_NAME = AppIcon;
				ASSETCATALOG_COMPILER_GLOBAL_ACCENT_COLOR_NAME = AccentColor;
				CODE_SIGN_STYLE = Automatic;
				CURRENT_PROJECT_VERSION = 1;
				DEVELOPMENT_TEAM = 392EEDE3SZ;
				ENABLE_PREVIEWS = YES;
				GENERATE_INFOPLIST_FILE = YES;
				INFOPLIST_KEY_NSCameraUsageDescription = "PostureKit uses the camera to analyse your posture in real time.";
				INFOPLIST_KEY_UIApplicationSceneManifest_Generation = YES;
				INFOPLIST_KEY_UIApplicationSupportsIndirectInputEvents = YES;
				INFOPLIST_KEY_UILaunchScreen_Generation = YES;
				INFOPLIST_KEY_UISupportedInterfaceOrientations_iPad = "UIInterfaceOrientationPortrait UIInterfaceOrientationPortraitUpsideDown UIInterfaceOrientationLandscapeLeft UIInterfaceOrientationLandscapeRight";
				INFOPLIST_KEY_UISupportedInterfaceOrientations_iPhone = "UIInterfaceOrientationPortrait UIInterfaceOrientationLandscapeLeft UIInterfaceOrientationLandscapeRight";
				IPHONEOS_DEPLOYMENT_TARGET = 17.6;
				LD_RUNPATH_SEARCH_PATHS = (
					"$(inherited)",
					"@executable_path/Frameworks",
				);
				MARKETING_VERSION = 1.0;
				PRODUCT_BUNDLE_IDENTIFIER = khushboo.neema.PostureKit.myapp;
				PRODUCT_NAME = "$(TARGET_NAME)";
				STRING_CATALOG_GENERATE_SYMBOLS = YES;
				SWIFT_APPROACHABLE_CONCURRENCY = YES;
				SWIFT_DEFAULT_ACTOR_ISOLATION = MainActor;
				SWIFT_EMIT_LOC_STRINGS = YES;
				SWIFT_UPCOMING_FEATURE_MEMBER_IMPORT_VISIBILITY = YES;
				SWIFT_VERSION = 5.0;
				TARGETED_DEVICE_FAMILY = "1,2";
			};
			name = Release;
		};
		A9CFA3452FCE1FD400A2EAD0 /* Debug */ = {
			isa = XCBuildConfiguration;
			buildSettings = {
				BUNDLE_LOADER = "$(TEST_HOST)";
				CODE_SIGN_STYLE = Automatic;
				CURRENT_PROJECT_VERSION = 1;
				DEVELOPMENT_TEAM = 392EEDE3SZ;
				GENERATE_INFOPLIST_FILE = YES;
				IPHONEOS_DEPLOYMENT_TARGET = 17.6;
				MARKETING_VERSION = 1.0;
				PRODUCT_BUNDLE_IDENTIFIER = khushboo.neema.PostureKitTests;
				PRODUCT_NAME = "$(TARGET_NAME)";
				STRING_CATALOG_GENERATE_SYMBOLS = NO;
				SWIFT_APPROACHABLE_CONCURRENCY = YES;
				SWIFT_EMIT_LOC_STRINGS = NO;
				SWIFT_UPCOMING_FEATURE_MEMBER_IMPORT_VISIBILITY = YES;
				SWIFT_VERSION = 5.0;
				TARGETED_DEVICE_FAMILY = "1,2";
				TEST_HOST = "$(BUILT_PRODUCTS_DIR)/PostureKit.app/$(BUNDLE_EXECUTABLE_FOLDER_PATH)/PostureKit";
			};
			name = Debug;
		};
		A9CFA3462FCE1FD400A2EAD0 /* Release */ = {
			isa = XCBuildConfiguration;
			buildSettings = {
				BUNDLE_LOADER = "$(TEST_HOST)";
				CODE_SIGN_STYLE = Automatic;
				CURRENT_PROJECT_VERSION = 1;
				DEVELOPMENT_TEAM = 392EEDE3SZ;
				GENERATE_INFOPLIST_FILE = YES;
				IPHONEOS_DEPLOYMENT_TARGET = 17.6;
				MARKETING_VERSION = 1.0;
				PRODUCT_BUNDLE_IDENTIFIER = khushboo.neema.PostureKitTests;
				PRODUCT_NAME = "$(TARGET_NAME)";
				STRING_CATALOG_GENERATE_SYMBOLS = NO;
				SWIFT_APPROACHABLE_CONCURRENCY = YES;
				SWIFT_EMIT_LOC_STRINGS = NO;
				SWIFT_UPCOMING_FEATURE_MEMBER_IMPORT_VISIBILITY = YES;
				SWIFT_VERSION = 5.0;
				TARGETED_DEVICE_FAMILY = "1,2";
				TEST_HOST = "$(BUILT_PRODUCTS_DIR)/PostureKit.app/$(BUNDLE_EXECUTABLE_FOLDER_PATH)/PostureKit";
			};
			name = Release;
		};
		A9CFA3482FCE1FD400A2EAD0 /* Debug */ = {
			isa = XCBuildConfiguration;
			buildSettings = {
				CODE_SIGN_STYLE = Automatic;
				CURRENT_PROJECT_VERSION = 1;
				DEVELOPMENT_TEAM = 392EEDE3SZ;
				GENERATE_INFOPLIST_FILE = YES;
				IPHONEOS_DEPLOYMENT_TARGET = 17.6;
				MARKETING_VERSION = 1.0;
				PRODUCT_BUNDLE_IDENTIFIER = khushboo.neema.PostureKitUITests;
				PRODUCT_NAME = "$(TARGET_NAME)";
				STRING_CATALOG_GENERATE_SYMBOLS = NO;
				SWIFT_APPROACHABLE_CONCURRENCY = YES;
				SWIFT_EMIT_LOC_STRINGS = NO;
				SWIFT_UPCOMING_FEATURE_MEMBER_IMPORT_VISIBILITY = YES;
				SWIFT_VERSION = 5.0;
				TARGETED_DEVICE_FAMILY = "1,2";
				TEST_TARGET_NAME = PostureKit;
			};
			name = Debug;
		};
		A9CFA3492FCE1FD400A2EAD0 /* Release */ = {
			isa = XCBuildConfiguration;
			buildSettings = {
				CODE_SIGN_STYLE = Automatic;
				CURRENT_PROJECT_VERSION = 1;
				DEVELOPMENT_TEAM = 392EEDE3SZ;
				GENERATE_INFOPLIST_FILE = YES;
				IPHONEOS_DEPLOYMENT_TARGET = 17.6;
				MARKETING_VERSION = 1.0;
				PRODUCT_BUNDLE_IDENTIFIER = khushboo.neema.PostureKitUITests;
				PRODUCT_NAME = "$(TARGET_NAME)";
				STRING_CATALOG_GENERATE_SYMBOLS = NO;
				SWIFT_APPROACHABLE_CONCURRENCY = YES;
				SWIFT_EMIT_LOC_STRINGS = NO;
				SWIFT_UPCOMING_FEATURE_MEMBER_IMPORT_VISIBILITY = YES;
				SWIFT_VERSION = 5.0;
				TARGETED_DEVICE_FAMILY = "1,2";
				TEST_TARGET_NAME = PostureKit;
			};
			name = Release;
		};
/* End XCBuildConfiguration section */

/* Begin XCConfigurationList section */
		A9CFA3192FCE1FD100A2EAD0 /* Build configuration list for PBXProject "PostureKit" */ = {
			isa = XCConfigurationList;
			buildConfigurations = (
				A9CFA33F2FCE1FD400A2EAD0 /* Debug */,
				A9CFA3402FCE1FD400A2EAD0 /* Release */,
			);
			defaultConfigurationIsVisible = 0;
			defaultConfigurationName = Release;
		};
		A9CFA3412FCE1FD400A2EAD0 /* Build configuration list for PBXNativeTarget "PostureKit" */ = {
			isa = XCConfigurationList;
			buildConfigurations = (
				A9CFA3422FCE1FD400A2EAD0 /* Debug */,
				A9CFA3432FCE1FD400A2EAD0 /* Release */,
			);
			defaultConfigurationIsVisible = 0;
			defaultConfigurationName = Release;
		};
		A9CFA3442FCE1FD400A2EAD0 /* Build configuration list for PBXNativeTarget "PostureKitTests" */ = {
			isa = XCConfigurationList;
			buildConfigurations = (
				A9CFA3452FCE1FD400A2EAD0 /* Debug */,
				A9CFA3462FCE1FD400A2EAD0 /* Release */,
			);
			defaultConfigurationIsVisible = 0;
			defaultConfigurationName = Release;
		};
		A9CFA3472FCE1FD400A2EAD0 /* Build configuration list for PBXNativeTarget "PostureKitUITests" */ = {
			isa = XCConfigurationList;
			buildConfigurations = (
				A9CFA3482FCE1FD400A2EAD0 /* Debug */,
				A9CFA3492FCE1FD400A2EAD0 /* Release */,
			);
			defaultConfigurationIsVisible = 0;
			defaultConfigurationName = Release;
		};
/* End XCConfigurationList section */
	};
	rootObject = A9CFA3162FCE1FD100A2EAD0 /* Project object */;
}
